
Microsoft Visual Studio Solution File, Format Version 12.00
# Visual Studio Version 17
VisualStudioVersion = 17.10.34916.146
MinimumVisualStudioVersion = 10.0.40219.1
Project("{FAE04EC0-301F-11D3-BF4B-00C04F79EFBC}") = "NewTalents", "NewTalents\NewTalents.csproj", "{A81D33BA-7A91-4011-A183-416EA82FACE5}"
EndProject
Project("{FAE04EC0-301F-11D3-BF4B-00C04F79EFBC}") = "TestNewTalents", "TestNewTalents\TestNewTalents.csproj", "{9B8584A0-0CB2-4879-ABEB-A12A445891B8}"
EndProject
Global
	GlobalSection(SolutionConfigurationPlatforms) = preSolution
		Debug|Any CPU = Debug|Any CPU
		Release|Any CPU = Release|Any CPU
	EndGlobalSection
	GlobalSection(ProjectConfigurationPlatforms) = postSolution
		{A81D33BA-7A91-4011-A183-416EA82FACE5}.Debug|Any CPU.ActiveCfg = Debug|Any CPU
		{A81D33BA-7A91-4011-A183-416EA82FACE5}.Debug|Any CPU.Build.0 = Debug|Any CPU
		{A81D33BA-7A91-4011-A183-416EA82FACE5}.Release|Any CPU.ActiveCfg = Release|Any CPU
		{A81D33BA-7A91-4011-A183-416EA82FACE5}.Release|Any CPU.Build.0 = Release|Any CPU
		{9B8584A0-0CB2-4879-ABEB-A12A445891B8}.Debug|Any CPU.ActiveCfg = Debug|Any CPU
		{9B8584A0-0CB2-4879-ABEB-A12A445891B8}.Debug|Any CPU.Build.0 = Debug|Any CPU
		{9B8584A0-0CB2-4879-ABEB-A12A445891B8}.Release|Any CPU.ActiveCfg = Release|Any CPU
		{9B8584A0-0CB2-4879-ABEB-A12A445891B8}.Release|Any CPU.Build.0 = Release|Any CPU
	EndGlobalSection
	GlobalSection(SolutionProperties) = preSolution
		HideSolutionNode = FALSE
	EndGlobalSection
	GlobalSection(ExtensibilityGlobals) = postSolution
		SolutionGuid = {6CE46906-A837-407A-A486-23ECC26F4349}
	EndGlobalSection
EndGlobal
